
Microsoft Visual Studio Solution File, Format Version 12.00
# Visual Studio Version 17
VisualStudioVersion = 17.0.31903.59
MinimumVisualStudioVersion = 10.0.40219.1
Project("{FAE04EC0-301F-11D3-BF4B-00C04F79EFBC}") = "Asterloom.Module.Analytics", "Asterloom.Module.Analytics\Asterloom.Module.Analytics.csproj", "{CF4810E4-45D0-47DF-83D5-579C7A143686}"
EndProject
Project("{FAE04EC0-301F-11D3-BF4B-00C04F79EFBC}") = "Asterloom.Module.Authorization", "Asterloom.Module.Authorization\Asterloom.Module.Authorization.csproj", "{E17E9EB5-E79B-4FE2-BCC2-C5C9D64145D0}"
EndProject
Project("{FAE04EC0-301F-11D3-BF4B-00C04F79EFBC}") = "Asterloom.Module.Config", "Asterloom.Module.Config\Asterloom.Module.Config.csproj", "{628E3236-1EEC-40B8-9233-3D25CD5B9847}"
EndProject
Project("{FAE04EC0-301F-11D3-BF4B-00C04F79EFBC}") = "Asterloom.Module.Feature", "Asterloom.Module.Feature\Asterloom.Module.Feature.csproj", "{087760E5-03B2-4F5D-B61F-E72CB3BC2038}"
EndProject
Project("{FAE04EC0-301F-11D3-BF4B-00C04F79EFBC}") = "Asterloom.Module.Identity", "Asterloom.Module.Identity\Asterloom.Module.Identity.csproj", "{32AEAAE1-7CDB-464F-8F95-FC046F14EB0E}"
EndProject
Project("{FAE04EC0-301F-11D3-BF4B-00C04F79EFBC}") = "Asterloom.Module.Infrastructure", "Asterloom.Module.Infrastructure\Asterloom.Module.Infrastructure.csproj", "{C5F0D3B6-E2EE-4CC4-A630-FFAB116C0B5A}"
EndProject
Project("{FAE04EC0-301F-11D3-BF4B-00C04F79EFBC}") = "Asterloom.Module.Release", "Asterloom.Module.Release\Asterloom.Module.Release.csproj", "{17C1EB67-0F95-4C32-B344-9AF7B5FE614C}"
EndProject
Project("{FAE04EC0-301F-11D3-BF4B-00C04F79EFBC}") = "Asterloom.Module.Rpc", "Asterloom.Module.Rpc\Asterloom.Module.Rpc.csproj", "{A9603600-7911-49D4-AD4A-A492D04422B0}"
EndProject
Project("{FAE04EC0-301F-11D3-BF4B-00C04F79EFBC}") = "Asterloom.Module.Storage", "Asterloom.Module.Storage\Asterloom.Module.Storage.csproj", "{70F47108-88B0-4A91-B9E1-6AB7A2B6BFF0}"
EndProject
Project("{FAE04EC0-301F-11D3-BF4B-00C04F79EFBC}") = "Asterloom.Module.Targeting", "Asterloom.Module.Targeting\Asterloom.Module.Targeting.csproj", "{4A3A99B7-527B-4B54-A475-1243E66CB1DA}"
EndProject
Project("{FAE04EC0-301F-11D3-BF4B-00C04F79EFBC}") = "Asterloom.Module.Telemetry", "Asterloom.Module.Telemetry\Asterloom.Module.Telemetry.csproj", "{A6A09322-DE91-40F4-8AC8-061DA1C3BA43}"
EndProject
Project("{FAE04EC0-301F-11D3-BF4B-00C04F79EFBC}") = "Asterloom.Module", "Asterloom.Module\Asterloom.Module.csproj", "{90ECB046-6FC2-4AE0-A967-977CA93D1DAA}"
EndProject
Project("{FAE04EC0-301F-11D3-BF4B-00C04F79EFBC}") = "Asterloom.Sdk.Analytics", "Asterloom.Sdk.Analytics\Asterloom.Sdk.Analytics.csproj", "{4DA8E3C9-A6B9-4178-BEF1-D7E4C5E9DEF3}"
EndProject
Project("{FAE04EC0-301F-11D3-BF4B-00C04F79EFBC}") = "Asterloom.Sdk.Authorization", "Asterloom.Sdk.Authorization\Asterloom.Sdk.Authorization.csproj", "{D458CBB8-E625-4AD3-AD81-E6665084FC83}"
EndProject
Project("{FAE04EC0-301F-11D3-BF4B-00C04F79EFBC}") = "Asterloom.Sdk.Config", "Asterloom.Sdk.Config\Asterloom.Sdk.Config.csproj", "{B7125E39-0520-4914-9D44-0A96F41B2933}"
EndProject
Project("{FAE04EC0-301F-11D3-BF4B-00C04F79EFBC}") = "Asterloom.Sdk.Feature", "Asterloom.Sdk.Feature\Asterloom.Sdk.Feature.csproj", "{2DA35634-30EB-4B6A-B39B-86CC44EB8849}"
EndProject
Project("{FAE04EC0-301F-11D3-BF4B-00C04F79EFBC}") = "Asterloom.Sdk.Identity", "Asterloom.Sdk.Identity\Asterloom.Sdk.Identity.csproj", "{80513DD3-4324-4826-A817-2CF318AA2A18}"
EndProject
Project("{FAE04EC0-301F-11D3-BF4B-00C04F79EFBC}") = "Asterloom.Sdk.Release", "Asterloom.Sdk.Release\Asterloom.Sdk.Release.csproj", "{2DB3CB17-83D6-498A-89A6-6FC7022721D8}"
EndProject
Project("{FAE04EC0-301F-11D3-BF4B-00C04F79EFBC}") = "Asterloom.Sdk.Rpc", "Asterloom.Sdk.Rpc\Asterloom.Sdk.Rpc.csproj", "{CFC279E4-8DB4-4CFD-A6A8-DCECC0826164}"
EndProject
Project("{FAE04EC0-301F-11D3-BF4B-00C04F79EFBC}") = "Asterloom.Sdk.Storage", "Asterloom.Sdk.Storage\Asterloom.Sdk.Storage.csproj", "{3864A0C0-7607-4896-B8CB-445B8072BC7C}"
EndProject
Project("{FAE04EC0-301F-11D3-BF4B-00C04F79EFBC}") = "Asterloom.Sdk.Targeting", "Asterloom.Sdk.Targeting\Asterloom.Sdk.Targeting.csproj", "{0371C473-9E19-4077-992A-7B8691A2149F}"
EndProject
Project("{FAE04EC0-301F-11D3-BF4B-00C04F79EFBC}") = "Asterloom.Sdk.Telemetry", "Asterloom.Sdk.Telemetry\Asterloom.Sdk.Telemetry.csproj", "{91370D92-0494-45FD-9729-CB13C7199BEB}"
EndProject
Project("{FAE04EC0-301F-11D3-BF4B-00C04F79EFBC}") = "Asterloom.Sdk", "Asterloom.Sdk\Asterloom.Sdk.csproj", "{27F39711-D699-45CB-BFC7-C90423E874B5}"
EndProject
Project("{FAE04EC0-301F-11D3-BF4B-00C04F79EFBC}") = "Asterloom.Server", "Asterloom.Server\Asterloom.Server.csproj", "{62655DFF-4540-46AD-BDCB-A648B6EE269E}"
EndProject
Project("{FAE04EC0-301F-11D3-BF4B-00C04F79EFBC}") = "Asterloom.Shared", "Asterloom.Shared\Asterloom.Shared.csproj", "{13850964-6205-46BB-8860-F8EB564F71CA}"
EndProject
Project("{2150E333-8FDC-42A3-9474-1A3956D46DE8}") = "Tests", "Tests", "{0AB3BF05-4346-4AA6-1389-037BE0695223}"
EndProject
Project("{FAE04EC0-301F-11D3-BF4B-00C04F79EFBC}") = "Asterloom.ContractTests", "Tests\Asterloom.ContractTests\Asterloom.ContractTests.csproj", "{71D3C830-BCDB-4953-9161-7C3A15D6FCFC}"
EndProject
Project("{FAE04EC0-301F-11D3-BF4B-00C04F79EFBC}") = "Asterloom.IntegrationTests", "Tests\Asterloom.IntegrationTests\Asterloom.IntegrationTests.csproj", "{A751EAE5-CB1E-4CC2-98DB-8866C9507113}"
EndProject
Project("{FAE04EC0-301F-11D3-BF4B-00C04F79EFBC}") = "Asterloom.UnitTests", "Tests\Asterloom.UnitTests\Asterloom.UnitTests.csproj", "{07668D9C-6BB5-4FF4-AF5D-A874786C6B5A}"
EndProject
Project("{2150E333-8FDC-42A3-9474-1A3956D46DE8}") = "Tools", "Tools", "{07C2787E-EAC7-C090-1BA3-A61EC2A24D84}"
EndProject
Project("{FAE04EC0-301F-11D3-BF4B-00C04F79EFBC}") = "Asterloom.ApiCoverage", "Tools\Asterloom.ApiCoverage\Asterloom.ApiCoverage.csproj", "{4D445C23-F5ED-49C5-A33F-DC071C787B62}"
EndProject
Project("{FAE04EC0-301F-11D3-BF4B-00C04F79EFBC}") = "Asterloom.Migrations", "Tools\Asterloom.Migrations\Asterloom.Migrations.csproj", "{49AFC4CC-806A-4CAD-A606-E2E8B87AD41F}"
EndProject
Project("{2150E333-8FDC-42A3-9474-1A3956D46DE8}") = "Samples", "Samples", "{65F03A38-3CC8-43FD-A8E3-92827D4F43DA}"
EndProject
Project("{FAE04EC0-301F-11D3-BF4B-00C04F79EFBC}") = "Asterloom.ReferenceApp.Contracts", "Samples\Asterloom.ReferenceApp.Contracts\Asterloom.ReferenceApp.Contracts.csproj", "{E8E3A8A1-831A-4CA7-B42E-7E69A30A74A1}"
EndProject
Project("{FAE04EC0-301F-11D3-BF4B-00C04F79EFBC}") = "Asterloom.ReferenceApp.Backend", "Samples\Asterloom.ReferenceApp.Backend\Asterloom.ReferenceApp.Backend.csproj", "{0B36652A-0D60-48DC-938A-6AD33C828D3A}"
EndProject
Project("{FAE04EC0-301F-11D3-BF4B-00C04F79EFBC}") = "Asterloom.ReferenceApp.Client", "Samples\Asterloom.ReferenceApp.Client\Asterloom.ReferenceApp.Client.csproj", "{FF065CB5-89A1-43CD-969A-D8F72B01E1AF}"
EndProject
Global
	GlobalSection(SolutionConfigurationPlatforms) = preSolution
		Debug|Any CPU = Debug|Any CPU
		Debug|x64 = Debug|x64
		Debug|x86 = Debug|x86
		Release|Any CPU = Release|Any CPU
		Release|x64 = Release|x64
		Release|x86 = Release|x86
	EndGlobalSection
	GlobalSection(ProjectConfigurationPlatforms) = postSolution
		{CF4810E4-45D0-47DF-83D5-579C7A143686}.Debug|Any CPU.ActiveCfg = Debug|Any CPU
		{CF4810E4-45D0-47DF-83D5-579C7A143686}.Debug|Any CPU.Build.0 = Debug|Any CPU
		{CF4810E4-45D0-47DF-83D5-579C7A143686}.Debug|x64.ActiveCfg = Debug|Any CPU
		{CF4810E4-45D0-47DF-83D5-579C7A143686}.Debug|x64.Build.0 = Debug|Any CPU
		{CF4810E4-45D0-47DF-83D5-579C7A143686}.Debug|x86.ActiveCfg = Debug|Any CPU
		{CF4810E4-45D0-47DF-83D5-579C7A143686}.Debug|x86.Build.0 = Debug|Any CPU
		{CF4810E4-45D0-47DF-83D5-579C7A143686}.Release|Any CPU.ActiveCfg = Release|Any CPU
		{CF4810E4-45D0-47DF-83D5-579C7A143686}.Release|Any CPU.Build.0 = Release|Any CPU
		{CF4810E4-45D0-47DF-83D5-579C7A143686}.Release|x64.ActiveCfg = Release|Any CPU
		{CF4810E4-45D0-47DF-83D5-579C7A143686}.Release|x64.Build.0 = Release|Any CPU
		{CF4810E4-45D0-47DF-83D5-579C7A143686}.Release|x86.ActiveCfg = Release|Any CPU
		{CF4810E4-45D0-47DF-83D5-579C7A143686}.Release|x86.Build.0 = Release|Any CPU
		{E17E9EB5-E79B-4FE2-BCC2-C5C9D64145D0}.Debug|Any CPU.ActiveCfg = Debug|Any CPU
		{E17E9EB5-E79B-4FE2-BCC2-C5C9D64145D0}.Debug|Any CPU.Build.0 = Debug|Any CPU
		{E17E9EB5-E79B-4FE2-BCC2-C5C9D64145D0}.Debug|x64.ActiveCfg = Debug|Any CPU
		{E17E9EB5-E79B-4FE2-BCC2-C5C9D64145D0}.Debug|x64.Build.0 = Debug|Any CPU
		{E17E9EB5-E79B-4FE2-BCC2-C5C9D64145D0}.Debug|x86.ActiveCfg = Debug|Any CPU
		{E17E9EB5-E79B-4FE2-BCC2-C5C9D64145D0}.Debug|x86.Build.0 = Debug|Any CPU
		{E17E9EB5-E79B-4FE2-BCC2-C5C9D64145D0}.Release|Any CPU.ActiveCfg = Release|Any CPU
		{E17E9EB5-E79B-4FE2-BCC2-C5C9D64145D0}.Release|Any CPU.Build.0 = Release|Any CPU
		{E17E9EB5-E79B-4FE2-BCC2-C5C9D64145D0}.Release|x64.ActiveCfg = Release|Any CPU
		{E17E9EB5-E79B-4FE2-BCC2-C5C9D64145D0}.Release|x64.Build.0 = Release|Any CPU
		{E17E9EB5-E79B-4FE2-BCC2-C5C9D64145D0}.Release|x86.ActiveCfg = Release|Any CPU
		{E17E9EB5-E79B-4FE2-BCC2-C5C9D64145D0}.Release|x86.Build.0 = Release|Any CPU
		{628E3236-1EEC-40B8-9233-3D25CD5B9847}.Debug|Any CPU.ActiveCfg = Debug|Any CPU
		{628E3236-1EEC-40B8-9233-3D25CD5B9847}.Debug|Any CPU.Build.0 = Debug|Any CPU
		{628E3236-1EEC-40B8-9233-3D25CD5B9847}.Debug|x64.ActiveCfg = Debug|Any CPU
		{628E3236-1EEC-40B8-9233-3D25CD5B9847}.Debug|x64.Build.0 = Debug|Any CPU
		{628E3236-1EEC-40B8-9233-3D25CD5B9847}.Debug|x86.ActiveCfg = Debug|Any CPU
		{628E3236-1EEC-40B8-9233-3D25CD5B9847}.Debug|x86.Build.0 = Debug|Any CPU
		{628E3236-1EEC-40B8-9233-3D25CD5B9847}.Release|Any CPU.ActiveCfg = Release|Any CPU
		{628E3236-1EEC-40B8-9233-3D25CD5B9847}.Release|Any CPU.Build.0 = Release|Any CPU
		{628E3236-1EEC-40B8-9233-3D25CD5B9847}.Release|x64.ActiveCfg = Release|Any CPU
		{628E3236-1EEC-40B8-9233-3D25CD5B9847}.Release|x64.Build.0 = Release|Any CPU
		{628E3236-1EEC-40B8-9233-3D25CD5B9847}.Release|x86.ActiveCfg = Release|Any CPU
		{628E3236-1EEC-40B8-9233-3D25CD5B9847}.Release|x86.Build.0 = Release|Any CPU
		{087760E5-03B2-4F5D-B61F-E72CB3BC2038}.Debug|Any CPU.ActiveCfg = Debug|Any CPU
		{087760E5-03B2-4F5D-B61F-E72CB3BC2038}.Debug|Any CPU.Build.0 = Debug|Any CPU
		{087760E5-03B2-4F5D-B61F-E72CB3BC2038}.Debug|x64.ActiveCfg = Debug|Any CPU
		{087760E5-03B2-4F5D-B61F-E72CB3BC2038}.Debug|x64.Build.0 = Debug|Any CPU
		{087760E5-03B2-4F5D-B61F-E72CB3BC2038}.Debug|x86.ActiveCfg = Debug|Any CPU
		{087760E5-03B2-4F5D-B61F-E72CB3BC2038}.Debug|x86.Build.0 = Debug|Any CPU
		{087760E5-03B2-4F5D-B61F-E72CB3BC2038}.Release|Any CPU.ActiveCfg = Release|Any CPU
		{087760E5-03B2-4F5D-B61F-E72CB3BC2038}.Release|Any CPU.Build.0 = Release|Any CPU
		{087760E5-03B2-4F5D-B61F-E72CB3BC2038}.Release|x64.ActiveCfg = Release|Any CPU
		{087760E5-03B2-4F5D-B61F-E72CB3BC2038}.Release|x64.Build.0 = Release|Any CPU
		{087760E5-03B2-4F5D-B61F-E72CB3BC2038}.Release|x86.ActiveCfg = Release|Any CPU
		{087760E5-03B2-4F5D-B61F-E72CB3BC2038}.Release|x86.Build.0 = Release|Any CPU
		{32AEAAE1-7CDB-464F-8F95-FC046F14EB0E}.Debug|Any CPU.ActiveCfg = Debug|Any CPU
		{32AEAAE1-7CDB-464F-8F95-FC046F14EB0E}.Debug|Any CPU.Build.0 = Debug|Any CPU
		{32AEAAE1-7CDB-464F-8F95-FC046F14EB0E}.Debug|x64.ActiveCfg = Debug|Any CPU
		{32AEAAE1-7CDB-464F-8F95-FC046F14EB0E}.Debug|x64.Build.0 = Debug|Any CPU
		{32AEAAE1-7CDB-464F-8F95-FC046F14EB0E}.Debug|x86.ActiveCfg = Debug|Any CPU
		{32AEAAE1-7CDB-464F-8F95-FC046F14EB0E}.Debug|x86.Build.0 = Debug|Any CPU
		{32AEAAE1-7CDB-464F-8F95-FC046F14EB0E}.Release|Any CPU.ActiveCfg = Release|Any CPU
		{32AEAAE1-7CDB-464F-8F95-FC046F14EB0E}.Release|Any CPU.Build.0 = Release|Any CPU
		{32AEAAE1-7CDB-464F-8F95-FC046F14EB0E}.Release|x64.ActiveCfg = Release|Any CPU
		{32AEAAE1-7CDB-464F-8F95-FC046F14EB0E}.Release|x64.Build.0 = Release|Any CPU
		{32AEAAE1-7CDB-464F-8F95-FC046F14EB0E}.Release|x86.ActiveCfg = Release|Any CPU
		{32AEAAE1-7CDB-464F-8F95-FC046F14EB0E}.Release|x86.Build.0 = Release|Any CPU
		{C5F0D3B6-E2EE-4CC4-A630-FFAB116C0B5A}.Debug|Any CPU.ActiveCfg = Debug|Any CPU
		{C5F0D3B6-E2EE-4CC4-A630-FFAB116C0B5A}.Debug|Any CPU.Build.0 = Debug|Any CPU
		{C5F0D3B6-E2EE-4CC4-A630-FFAB116C0B5A}.Debug|x64.ActiveCfg = Debug|Any CPU
		{C5F0D3B6-E2EE-4CC4-A630-FFAB116C0B5A}.Debug|x64.Build.0 = Debug|Any CPU
		{C5F0D3B6-E2EE-4CC4-A630-FFAB116C0B5A}.Debug|x86.ActiveCfg = Debug|Any CPU
		{C5F0D3B6-E2EE-4CC4-A630-FFAB116C0B5A}.Debug|x86.Build.0 = Debug|Any CPU
		{C5F0D3B6-E2EE-4CC4-A630-FFAB116C0B5A}.Release|Any CPU.ActiveCfg = Release|Any CPU
		{C5F0D3B6-E2EE-4CC4-A630-FFAB116C0B5A}.Release|Any CPU.Build.0 = Release|Any CPU
		{C5F0D3B6-E2EE-4CC4-A630-FFAB116C0B5A}.Release|x64.ActiveCfg = Release|Any CPU
		{C5F0D3B6-E2EE-4CC4-A630-FFAB116C0B5A}.Release|x64.Build.0 = Release|Any CPU
		{C5F0D3B6-E2EE-4CC4-A630-FFAB116C0B5A}.Release|x86.ActiveCfg = Release|Any CPU
		{C5F0D3B6-E2EE-4CC4-A630-FFAB116C0B5A}.Release|x86.Build.0 = Release|Any CPU
		{17C1EB67-0F95-4C32-B344-9AF7B5FE614C}.Debug|Any CPU.ActiveCfg = Debug|Any CPU
		{17C1EB67-0F95-4C32-B344-9AF7B5FE614C}.Debug|Any CPU.Build.0 = Debug|Any CPU
		{17C1EB67-0F95-4C32-B344-9AF7B5FE614C}.Debug|x64.ActiveCfg = Debug|Any CPU
		{17C1EB67-0F95-4C32-B344-9AF7B5FE614C}.Debug|x64.Build.0 = Debug|Any CPU
		{17C1EB67-0F95-4C32-B344-9AF7B5FE614C}.Debug|x86.ActiveCfg = Debug|Any CPU
		{17C1EB67-0F95-4C32-B344-9AF7B5FE614C}.Debug|x86.Build.0 = Debug|Any CPU
		{17C1EB67-0F95-4C32-B344-9AF7B5FE614C}.Release|Any CPU.ActiveCfg = Release|Any CPU
		{17C1EB67-0F95-4C32-B344-9AF7B5FE614C}.Release|Any CPU.Build.0 = Release|Any CPU
		{17C1EB67-0F95-4C32-B344-9AF7B5FE614C}.Release|x64.ActiveCfg = Release|Any CPU
		{17C1EB67-0F95-4C32-B344-9AF7B5FE614C}.Release|x64.Build.0 = Release|Any CPU
		{17C1EB67-0F95-4C32-B344-9AF7B5FE614C}.Release|x86.ActiveCfg = Release|Any CPU
		{17C1EB67-0F95-4C32-B344-9AF7B5FE614C}.Release|x86.Build.0 = Release|Any CPU
		{A9603600-7911-49D4-AD4A-A492D04422B0}.Debug|Any CPU.ActiveCfg = Debug|Any CPU
		{A9603600-7911-49D4-AD4A-A492D04422B0}.Debug|Any CPU.Build.0 = Debug|Any CPU
		{A9603600-7911-49D4-AD4A-A492D04422B0}.Debug|x64.ActiveCfg = Debug|Any CPU
		{A9603600-7911-49D4-AD4A-A492D04422B0}.Debug|x64.Build.0 = Debug|Any CPU
		{A9603600-7911-49D4-AD4A-A492D04422B0}.Debug|x86.ActiveCfg = Debug|Any CPU
		{A9603600-7911-49D4-AD4A-A492D04422B0}.Debug|x86.Build.0 = Debug|Any CPU
		{A9603600-7911-49D4-AD4A-A492D04422B0}.Release|Any CPU.ActiveCfg = Release|Any CPU
		{A9603600-7911-49D4-AD4A-A492D04422B0}.Release|Any CPU.Build.0 = Release|Any CPU
		{A9603600-7911-49D4-AD4A-A492D04422B0}.Release|x64.ActiveCfg = Release|Any CPU
		{A9603600-7911-49D4-AD4A-A492D04422B0}.Release|x64.Build.0 = Release|Any CPU
		{A9603600-7911-49D4-AD4A-A492D04422B0}.Release|x86.ActiveCfg = Release|Any CPU
		{A9603600-7911-49D4-AD4A-A492D04422B0}.Release|x86.Build.0 = Release|Any CPU
		{70F47108-88B0-4A91-B9E1-6AB7A2B6BFF0}.Debug|Any CPU.ActiveCfg = Debug|Any CPU
		{70F47108-88B0-4A91-B9E1-6AB7A2B6BFF0}.Debug|Any CPU.Build.0 = Debug|Any CPU
		{70F47108-88B0-4A91-B9E1-6AB7A2B6BFF0}.Debug|x64.ActiveCfg = Debug|Any CPU
		{70F47108-88B0-4A91-B9E1-6AB7A2B6BFF0}.Debug|x64.Build.0 = Debug|Any CPU
		{70F47108-88B0-4A91-B9E1-6AB7A2B6BFF0}.Debug|x86.ActiveCfg = Debug|Any CPU
		{70F47108-88B0-4A91-B9E1-6AB7A2B6BFF0}.Debug|x86.Build.0 = Debug|Any CPU
		{70F47108-88B0-4A91-B9E1-6AB7A2B6BFF0}.Release|Any CPU.ActiveCfg = Release|Any CPU
		{70F47108-88B0-4A91-B9E1-6AB7A2B6BFF0}.Release|Any CPU.Build.0 = Release|Any CPU
		{70F47108-88B0-4A91-B9E1-6AB7A2B6BFF0}.Release|x64.ActiveCfg = Release|Any CPU
		{70F47108-88B0-4A91-B9E1-6AB7A2B6BFF0}.Release|x64.Build.0 = Release|Any CPU
		{70F47108-88B0-4A91-B9E1-6AB7A2B6BFF0}.Release|x86.ActiveCfg = Release|Any CPU
		{70F47108-88B0-4A91-B9E1-6AB7A2B6BFF0}.Release|x86.Build.0 = Release|Any CPU
		{4A3A99B7-527B-4B54-A475-1243E66CB1DA}.Debug|Any CPU.ActiveCfg = Debug|Any CPU
		{4A3A99B7-527B-4B54-A475-1243E66CB1DA}.Debug|Any CPU.Build.0 = Debug|Any CPU
		{4A3A99B7-527B-4B54-A475-1243E66CB1DA}.Debug|x64.ActiveCfg = Debug|Any CPU
		{4A3A99B7-527B-4B54-A475-1243E66CB1DA}.Debug|x64.Build.0 = Debug|Any CPU
		{4A3A99B7-527B-4B54-A475-1243E66CB1DA}.Debug|x86.ActiveCfg = Debug|Any CPU
		{4A3A99B7-527B-4B54-A475-1243E66CB1DA}.Debug|x86.Build.0 = Debug|Any CPU
		{4A3A99B7-527B-4B54-A475-1243E66CB1DA}.Release|Any CPU.ActiveCfg = Release|Any CPU
		{4A3A99B7-527B-4B54-A475-1243E66CB1DA}.Release|Any CPU.Build.0 = Release|Any CPU
		{4A3A99B7-527B-4B54-A475-1243E66CB1DA}.Release|x64.ActiveCfg = Release|Any CPU
		{4A3A99B7-527B-4B54-A475-1243E66CB1DA}.Release|x64.Build.0 = Release|Any CPU
		{4A3A99B7-527B-4B54-A475-1243E66CB1DA}.Release|x86.ActiveCfg = Release|Any CPU
		{4A3A99B7-527B-4B54-A475-1243E66CB1DA}.Release|x86.Build.0 = Release|Any CPU
		{A6A09322-DE91-40F4-8AC8-061DA1C3BA43}.Debug|Any CPU.ActiveCfg = Debug|Any CPU
		{A6A09322-DE91-40F4-8AC8-061DA1C3BA43}.Debug|Any CPU.Build.0 = Debug|Any CPU
		{A6A09322-DE91-40F4-8AC8-061DA1C3BA43}.Debug|x64.ActiveCfg = Debug|Any CPU
		{A6A09322-DE91-40F4-8AC8-061DA1C3BA43}.Debug|x64.Build.0 = Debug|Any CPU
		{A6A09322-DE91-40F4-8AC8-061DA1C3BA43}.Debug|x86.ActiveCfg = Debug|Any CPU
		{A6A09322-DE91-40F4-8AC8-061DA1C3BA43}.Debug|x86.Build.0 = Debug|Any CPU
		{A6A09322-DE91-40F4-8AC8-061DA1C3BA43}.Release|Any CPU.ActiveCfg = Release|Any CPU
		{A6A09322-DE91-40F4-8AC8-061DA1C3BA43}.Release|Any CPU.Build.0 = Release|Any CPU
		{A6A09322-DE91-40F4-8AC8-061DA1C3BA43}.Release|x64.ActiveCfg = Release|Any CPU
		{A6A09322-DE91-40F4-8AC8-061DA1C3BA43}.Release|x64.Build.0 = Release|Any CPU
		{A6A09322-DE91-40F4-8AC8-061DA1C3BA43}.Release|x86.ActiveCfg = Release|Any CPU
		{A6A09322-DE91-40F4-8AC8-061DA1C3BA43}.Release|x86.Build.0 = Release|Any CPU
		{90ECB046-6FC2-4AE0-A967-977CA93D1DAA}.Debug|Any CPU.ActiveCfg = Debug|Any CPU
		{90ECB046-6FC2-4AE0-A967-977CA93D1DAA}.Debug|Any CPU.Build.0 = Debug|Any CPU
		{90ECB046-6FC2-4AE0-A967-977CA93D1DAA}.Debug|x64.ActiveCfg = Debug|Any CPU
		{90ECB046-6FC2-4AE0-A967-977CA93D1DAA}.Debug|x64.Build.0 = Debug|Any CPU
		{90ECB046-6FC2-4AE0-A967-977CA93D1DAA}.Debug|x86.ActiveCfg = Debug|Any CPU
		{90ECB046-6FC2-4AE0-A967-977CA93D1DAA}.Debug|x86.Build.0 = Debug|Any CPU
		{90ECB046-6FC2-4AE0-A967-977CA93D1DAA}.Release|Any CPU.ActiveCfg = Release|Any CPU
		{90ECB046-6FC2-4AE0-A967-977CA93D1DAA}.Release|Any CPU.Build.0 = Release|Any CPU
		{90ECB046-6FC2-4AE0-A967-977CA93D1DAA}.Release|x64.ActiveCfg = Release|Any CPU
		{90ECB046-6FC2-4AE0-A967-977CA93D1DAA}.Release|x64.Build.0 = Release|Any CPU
		{90ECB046-6FC2-4AE0-A967-977CA93D1DAA}.Release|x86.ActiveCfg = Release|Any CPU
		{90ECB046-6FC2-4AE0-A967-977CA93D1DAA}.Release|x86.Build.0 = Release|Any CPU
		{4DA8E3C9-A6B9-4178-BEF1-D7E4C5E9DEF3}.Debug|Any CPU.ActiveCfg = Debug|Any CPU
		{4DA8E3C9-A6B9-4178-BEF1-D7E4C5E9DEF3}.Debug|Any CPU.Build.0 = Debug|Any CPU
		{4DA8E3C9-A6B9-4178-BEF1-D7E4C5E9DEF3}.Debug|x64.ActiveCfg = Debug|Any CPU
		{4DA8E3C9-A6B9-4178-BEF1-D7E4C5E9DEF3}.Debug|x64.Build.0 = Debug|Any CPU
		{4DA8E3C9-A6B9-4178-BEF1-D7E4C5E9DEF3}.Debug|x86.ActiveCfg = Debug|Any CPU
		{4DA8E3C9-A6B9-4178-BEF1-D7E4C5E9DEF3}.Debug|x86.Build.0 = Debug|Any CPU
		{4DA8E3C9-A6B9-4178-BEF1-D7E4C5E9DEF3}.Release|Any CPU.ActiveCfg = Release|Any CPU
		{4DA8E3C9-A6B9-4178-BEF1-D7E4C5E9DEF3}.Release|Any CPU.Build.0 = Release|Any CPU
		{4DA8E3C9-A6B9-4178-BEF1-D7E4C5E9DEF3}.Release|x64.ActiveCfg = Release|Any CPU
		{4DA8E3C9-A6B9-4178-BEF1-D7E4C5E9DEF3}.Release|x64.Build.0 = Release|Any CPU
		{4DA8E3C9-A6B9-4178-BEF1-D7E4C5E9DEF3}.Release|x86.ActiveCfg = Release|Any CPU
		{4DA8E3C9-A6B9-4178-BEF1-D7E4C5E9DEF3}.Release|x86.Build.0 = Release|Any CPU
		{D458CBB8-E625-4AD3-AD81-E6665084FC83}.Debug|Any CPU.ActiveCfg = Debug|Any CPU
		{D458CBB8-E625-4AD3-AD81-E6665084FC83}.Debug|Any CPU.Build.0 = Debug|Any CPU
		{D458CBB8-E625-4AD3-AD81-E6665084FC83}.Debug|x64.ActiveCfg = Debug|Any CPU
		{D458CBB8-E625-4AD3-AD81-E6665084FC83}.Debug|x64.Build.0 = Debug|Any CPU
		{D458CBB8-E625-4AD3-AD81-E6665084FC83}.Debug|x86.ActiveCfg = Debug|Any CPU
		{D458CBB8-E625-4AD3-AD81-E6665084FC83}.Debug|x86.Build.0 = Debug|Any CPU
		{D458CBB8-E625-4AD3-AD81-E6665084FC83}.Release|Any CPU.ActiveCfg = Release|Any CPU
		{D458CBB8-E625-4AD3-AD81-E6665084FC83}.Release|Any CPU.Build.0 = Release|Any CPU
		{D458CBB8-E625-4AD3-AD81-E6665084FC83}.Release|x64.ActiveCfg = Release|Any CPU
		{D458CBB8-E625-4AD3-AD81-E6665084FC83}.Release|x64.Build.0 = Release|Any CPU
		{D458CBB8-E625-4AD3-AD81-E6665084FC83}.Release|x86.ActiveCfg = Release|Any CPU
		{D458CBB8-E625-4AD3-AD81-E6665084FC83}.Release|x86.Build.0 = Release|Any CPU
		{B7125E39-0520-4914-9D44-0A96F41B2933}.Debug|Any CPU.ActiveCfg = Debug|Any CPU
		{B7125E39-0520-4914-9D44-0A96F41B2933}.Debug|Any CPU.Build.0 = Debug|Any CPU
		{B7125E39-0520-4914-9D44-0A96F41B2933}.Debug|x64.ActiveCfg = Debug|Any CPU
		{B7125E39-0520-4914-9D44-0A96F41B2933}.Debug|x64.Build.0 = Debug|Any CPU
		{B7125E39-0520-4914-9D44-0A96F41B2933}.Debug|x86.ActiveCfg = Debug|Any CPU
		{B7125E39-0520-4914-9D44-0A96F41B2933}.Debug|x86.Build.0 = Debug|Any CPU
		{B7125E39-0520-4914-9D44-0A96F41B2933}.Release|Any CPU.ActiveCfg = Release|Any CPU
		{B7125E39-0520-4914-9D44-0A96F41B2933}.Release|Any CPU.Build.0 = Release|Any CPU
		{B7125E39-0520-4914-9D44-0A96F41B2933}.Release|x64.ActiveCfg = Release|Any CPU
		{B7125E39-0520-4914-9D44-0A96F41B2933}.Release|x64.Build.0 = Release|Any CPU
		{B7125E39-0520-4914-9D44-0A96F41B2933}.Release|x86.ActiveCfg = Release|Any CPU
		{B7125E39-0520-4914-9D44-0A96F41B2933}.Release|x86.Build.0 = Release|Any CPU
		{2DA35634-30EB-4B6A-B39B-86CC44EB8849}.Debug|Any CPU.ActiveCfg = Debug|Any CPU
		{2DA35634-30EB-4B6A-B39B-86CC44EB8849}.Debug|Any CPU.Build.0 = Debug|Any CPU
		{2DA35634-30EB-4B6A-B39B-86CC44EB8849}.Debug|x64.ActiveCfg = Debug|Any CPU
		{2DA35634-30EB-4B6A-B39B-86CC44EB8849}.Debug|x64.Build.0 = Debug|Any CPU
		{2DA35634-30EB-4B6A-B39B-86CC44EB8849}.Debug|x86.ActiveCfg = Debug|Any CPU
		{2DA35634-30EB-4B6A-B39B-86CC44EB8849}.Debug|x86.Build.0 = Debug|Any CPU
		{2DA35634-30EB-4B6A-B39B-86CC44EB8849}.Release|Any CPU.ActiveCfg = Release|Any CPU
		{2DA35634-30EB-4B6A-B39B-86CC44EB8849}.Release|Any CPU.Build.0 = Release|Any CPU
		{2DA35634-30EB-4B6A-B39B-86CC44EB8849}.Release|x64.ActiveCfg = Release|Any CPU
		{2DA35634-30EB-4B6A-B39B-86CC44EB8849}.Release|x64.Build.0 = Release|Any CPU
		{2DA35634-30EB-4B6A-B39B-86CC44EB8849}.Release|x86.ActiveCfg = Release|Any CPU
		{2DA35634-30EB-4B6A-B39B-86CC44EB8849}.Release|x86.Build.0 = Release|Any CPU
		{80513DD3-4324-4826-A817-2CF318AA2A18}.Debug|Any CPU.ActiveCfg = Debug|Any CPU
		{80513DD3-4324-4826-A817-2CF318AA2A18}.Debug|Any CPU.Build.0 = Debug|Any CPU
		{80513DD3-4324-4826-A817-2CF318AA2A18}.Debug|x64.ActiveCfg = Debug|Any CPU
		{80513DD3-4324-4826-A817-2CF318AA2A18}.Debug|x64.Build.0 = Debug|Any CPU
		{80513DD3-4324-4826-A817-2CF318AA2A18}.Debug|x86.ActiveCfg = Debug|Any CPU
		{80513DD3-4324-4826-A817-2CF318AA2A18}.Debug|x86.Build.0 = Debug|Any CPU
		{80513DD3-4324-4826-A817-2CF318AA2A18}.Release|Any CPU.ActiveCfg = Release|Any CPU
		{80513DD3-4324-4826-A817-2CF318AA2A18}.Release|Any CPU.Build.0 = Release|Any CPU
		{80513DD3-4324-4826-A817-2CF318AA2A18}.Release|x64.ActiveCfg = Release|Any CPU
		{80513DD3-4324-4826-A817-2CF318AA2A18}.Release|x64.Build.0 = Release|Any CPU
		{80513DD3-4324-4826-A817-2CF318AA2A18}.Release|x86.ActiveCfg = Release|Any CPU
		{80513DD3-4324-4826-A817-2CF318AA2A18}.Release|x86.Build.0 = Release|Any CPU
		{2DB3CB17-83D6-498A-89A6-6FC7022721D8}.Debug|Any CPU.ActiveCfg = Debug|Any CPU
		{2DB3CB17-83D6-498A-89A6-6FC7022721D8}.Debug|Any CPU.Build.0 = Debug|Any CPU
		{2DB3CB17-83D6-498A-89A6-6FC7022721D8}.Debug|x64.ActiveCfg = Debug|Any CPU
		{2DB3CB17-83D6-498A-89A6-6FC7022721D8}.Debug|x64.Build.0 = Debug|Any CPU
		{2DB3CB17-83D6-498A-89A6-6FC7022721D8}.Debug|x86.ActiveCfg = Debug|Any CPU
		{2DB3CB17-83D6-498A-89A6-6FC7022721D8}.Debug|x86.Build.0 = Debug|Any CPU
		{2DB3CB17-83D6-498A-89A6-6FC7022721D8}.Release|Any CPU.ActiveCfg = Release|Any CPU
		{2DB3CB17-83D6-498A-89A6-6FC7022721D8}.Release|Any CPU.Build.0 = Release|Any CPU
		{2DB3CB17-83D6-498A-89A6-6FC7022721D8}.Release|x64.ActiveCfg = Release|Any CPU
		{2DB3CB17-83D6-498A-89A6-6FC7022721D8}.Release|x64.Build.0 = Release|Any CPU
		{2DB3CB17-83D6-498A-89A6-6FC7022721D8}.Release|x86.ActiveCfg = Release|Any CPU
		{2DB3CB17-83D6-498A-89A6-6FC7022721D8}.Release|x86.Build.0 = Release|Any CPU
		{CFC279E4-8DB4-4CFD-A6A8-DCECC0826164}.Debug|Any CPU.ActiveCfg = Debug|Any CPU
		{CFC279E4-8DB4-4CFD-A6A8-DCECC0826164}.Debug|Any CPU.Build.0 = Debug|Any CPU
		{CFC279E4-8DB4-4CFD-A6A8-DCECC0826164}.Debug|x64.ActiveCfg = Debug|Any CPU
		{CFC279E4-8DB4-4CFD-A6A8-DCECC0826164}.Debug|x64.Build.0 = Debug|Any CPU
		{CFC279E4-8DB4-4CFD-A6A8-DCECC0826164}.Debug|x86.ActiveCfg = Debug|Any CPU
		{CFC279E4-8DB4-4CFD-A6A8-DCECC0826164}.Debug|x86.Build.0 = Debug|Any CPU
		{CFC279E4-8DB4-4CFD-A6A8-DCECC0826164}.Release|Any CPU.ActiveCfg = Release|Any CPU
		{CFC279E4-8DB4-4CFD-A6A8-DCECC0826164}.Release|Any CPU.Build.0 = Release|Any CPU
		{CFC279E4-8DB4-4CFD-A6A8-DCECC0826164}.Release|x64.ActiveCfg = Release|Any CPU
		{CFC279E4-8DB4-4CFD-A6A8-DCECC0826164}.Release|x64.Build.0 = Release|Any CPU
		{CFC279E4-8DB4-4CFD-A6A8-DCECC0826164}.Release|x86.ActiveCfg = Release|Any CPU
		{CFC279E4-8DB4-4CFD-A6A8-DCECC0826164}.Release|x86.Build.0 = Release|Any CPU
		{3864A0C0-7607-4896-B8CB-445B8072BC7C}.Debug|Any CPU.ActiveCfg = Debug|Any CPU
		{3864A0C0-7607-4896-B8CB-445B8072BC7C}.Debug|Any CPU.Build.0 = Debug|Any CPU
		{3864A0C0-7607-4896-B8CB-445B8072BC7C}.Debug|x64.ActiveCfg = Debug|Any CPU
		{3864A0C0-7607-4896-B8CB-445B8072BC7C}.Debug|x64.Build.0 = Debug|Any CPU
		{3864A0C0-7607-4896-B8CB-445B8072BC7C}.Debug|x86.ActiveCfg = Debug|Any CPU
		{3864A0C0-7607-4896-B8CB-445B8072BC7C}.Debug|x86.Build.0 = Debug|Any CPU
		{3864A0C0-7607-4896-B8CB-445B8072BC7C}.Release|Any CPU.ActiveCfg = Release|Any CPU
		{3864A0C0-7607-4896-B8CB-445B8072BC7C}.Release|Any CPU.Build.0 = Release|Any CPU
		{3864A0C0-7607-4896-B8CB-445B8072BC7C}.Release|x64.ActiveCfg = Release|Any CPU
		{3864A0C0-7607-4896-B8CB-445B8072BC7C}.Release|x64.Build.0 = Release|Any CPU
		{3864A0C0-7607-4896-B8CB-445B8072BC7C}.Release|x86.ActiveCfg = Release|Any CPU
		{3864A0C0-7607-4896-B8CB-445B8072BC7C}.Release|x86.Build.0 = Release|Any CPU
		{0371C473-9E19-4077-992A-7B8691A2149F}.Debug|Any CPU.ActiveCfg = Debug|Any CPU
		{0371C473-9E19-4077-992A-7B8691A2149F}.Debug|Any CPU.Build.0 = Debug|Any CPU
		{0371C473-9E19-4077-992A-7B8691A2149F}.Debug|x64.ActiveCfg = Debug|Any CPU
		{0371C473-9E19-4077-992A-7B8691A2149F}.Debug|x64.Build.0 = Debug|Any CPU
		{0371C473-9E19-4077-992A-7B8691A2149F}.Debug|x86.ActiveCfg = Debug|Any CPU
		{0371C473-9E19-4077-992A-7B8691A2149F}.Debug|x86.Build.0 = Debug|Any CPU
		{0371C473-9E19-4077-992A-7B8691A2149F}.Release|Any CPU.ActiveCfg = Release|Any CPU
		{0371C473-9E19-4077-992A-7B8691A2149F}.Release|Any CPU.Build.0 = Release|Any CPU
		{0371C473-9E19-4077-992A-7B8691A2149F}.Release|x64.ActiveCfg = Release|Any CPU
		{0371C473-9E19-4077-992A-7B8691A2149F}.Release|x64.Build.0 = Release|Any CPU
		{0371C473-9E19-4077-992A-7B8691A2149F}.Release|x86.ActiveCfg = Release|Any CPU
		{0371C473-9E19-4077-992A-7B8691A2149F}.Release|x86.Build.0 = Release|Any CPU
		{91370D92-0494-45FD-9729-CB13C7199BEB}.Debug|Any CPU.ActiveCfg = Debug|Any CPU
		{91370D92-0494-45FD-9729-CB13C7199BEB}.Debug|Any CPU.Build.0 = Debug|Any CPU
		{91370D92-0494-45FD-9729-CB13C7199BEB}.Debug|x64.ActiveCfg = Debug|Any CPU
		{91370D92-0494-45FD-9729-CB13C7199BEB}.Debug|x64.Build.0 = Debug|Any CPU
		{91370D92-0494-45FD-9729-CB13C7199BEB}.Debug|x86.ActiveCfg = Debug|Any CPU
		{91370D92-0494-45FD-9729-CB13C7199BEB}.Debug|x86.Build.0 = Debug|Any CPU
		{91370D92-0494-45FD-9729-CB13C7199BEB}.Release|Any CPU.ActiveCfg = Release|Any CPU
		{91370D92-0494-45FD-9729-CB13C7199BEB}.Release|Any CPU.Build.0 = Release|Any CPU
		{91370D92-0494-45FD-9729-CB13C7199BEB}.Release|x64.ActiveCfg = Release|Any CPU
		{91370D92-0494-45FD-9729-CB13C7199BEB}.Release|x64.Build.0 = Release|Any CPU
		{91370D92-0494-45FD-9729-CB13C7199BEB}.Release|x86.ActiveCfg = Release|Any CPU
		{91370D92-0494-45FD-9729-CB13C7199BEB}.Release|x86.Build.0 = Release|Any CPU
		{27F39711-D699-45CB-BFC7-C90423E874B5}.Debug|Any CPU.ActiveCfg = Debug|Any CPU
		{27F39711-D699-45CB-BFC7-C90423E874B5}.Debug|Any CPU.Build.0 = Debug|Any CPU
		{27F39711-D699-45CB-BFC7-C90423E874B5}.Debug|x64.ActiveCfg = Debug|Any CPU
		{27F39711-D699-45CB-BFC7-C90423E874B5}.Debug|x64.Build.0 = Debug|Any CPU
		{27F39711-D699-45CB-BFC7-C90423E874B5}.Debug|x86.ActiveCfg = Debug|Any CPU
		{27F39711-D699-45CB-BFC7-C90423E874B5}.Debug|x86.Build.0 = Debug|Any CPU
		{27F39711-D699-45CB-BFC7-C90423E874B5}.Release|Any CPU.ActiveCfg = Release|Any CPU
		{27F39711-D699-45CB-BFC7-C90423E874B5}.Release|Any CPU.Build.0 = Release|Any CPU
		{27F39711-D699-45CB-BFC7-C90423E874B5}.Release|x64.ActiveCfg = Release|Any CPU
		{27F39711-D699-45CB-BFC7-C90423E874B5}.Release|x64.Build.0 = Release|Any CPU
		{27F39711-D699-45CB-BFC7-C90423E874B5}.Release|x86.ActiveCfg = Release|Any CPU
		{27F39711-D699-45CB-BFC7-C90423E874B5}.Release|x86.Build.0 = Release|Any CPU
		{62655DFF-4540-46AD-BDCB-A648B6EE269E}.Debug|Any CPU.ActiveCfg = Debug|Any CPU
		{62655DFF-4540-46AD-BDCB-A648B6EE269E}.Debug|Any CPU.Build.0 = Debug|Any CPU
		{62655DFF-4540-46AD-BDCB-A648B6EE269E}.Debug|x64.ActiveCfg = Debug|Any CPU
		{62655DFF-4540-46AD-BDCB-A648B6EE269E}.Debug|x64.Build.0 = Debug|Any CPU
		{62655DFF-4540-46AD-BDCB-A648B6EE269E}.Debug|x86.ActiveCfg = Debug|Any CPU
		{62655DFF-4540-46AD-BDCB-A648B6EE269E}.Debug|x86.Build.0 = Debug|Any CPU
		{62655DFF-4540-46AD-BDCB-A648B6EE269E}.Release|Any CPU.ActiveCfg = Release|Any CPU
		{62655DFF-4540-46AD-BDCB-A648B6EE269E}.Release|Any CPU.Build.0 = Release|Any CPU
		{62655DFF-4540-46AD-BDCB-A648B6EE269E}.Release|x64.ActiveCfg = Release|Any CPU
		{62655DFF-4540-46AD-BDCB-A648B6EE269E}.Release|x64.Build.0 = Release|Any CPU
		{62655DFF-4540-46AD-BDCB-A648B6EE269E}.Release|x86.ActiveCfg = Release|Any CPU
		{62655DFF-4540-46AD-BDCB-A648B6EE269E}.Release|x86.Build.0 = Release|Any CPU
		{13850964-6205-46BB-8860-F8EB564F71CA}.Debug|Any CPU.ActiveCfg = Debug|Any CPU
		{13850964-6205-46BB-8860-F8EB564F71CA}.Debug|Any CPU.Build.0 = Debug|Any CPU
		{13850964-6205-46BB-8860-F8EB564F71CA}.Debug|x64.ActiveCfg = Debug|Any CPU
		{13850964-6205-46BB-8860-F8EB564F71CA}.Debug|x64.Build.0 = Debug|Any CPU
		{13850964-6205-46BB-8860-F8EB564F71CA}.Debug|x86.ActiveCfg = Debug|Any CPU
		{13850964-6205-46BB-8860-F8EB564F71CA}.Debug|x86.Build.0 = Debug|Any CPU
		{13850964-6205-46BB-8860-F8EB564F71CA}.Release|Any CPU.ActiveCfg = Release|Any CPU
		{13850964-6205-46BB-8860-F8EB564F71CA}.Release|Any CPU.Build.0 = Release|Any CPU
		{13850964-6205-46BB-8860-F8EB564F71CA}.Release|x64.ActiveCfg = Release|Any CPU
		{13850964-6205-46BB-8860-F8EB564F71CA}.Release|x64.Build.0 = Release|Any CPU
		{13850964-6205-46BB-8860-F8EB564F71CA}.Release|x86.ActiveCfg = Release|Any CPU
		{13850964-6205-46BB-8860-F8EB564F71CA}.Release|x86.Build.0 = Release|Any CPU
		{71D3C830-BCDB-4953-9161-7C3A15D6FCFC}.Debug|Any CPU.ActiveCfg = Debug|Any CPU
		{71D3C830-BCDB-4953-9161-7C3A15D6FCFC}.Debug|Any CPU.Build.0 = Debug|Any CPU
		{71D3C830-BCDB-4953-9161-7C3A15D6FCFC}.Debug|x64.ActiveCfg = Debug|Any CPU
		{71D3C830-BCDB-4953-9161-7C3A15D6FCFC}.Debug|x64.Build.0 = Debug|Any CPU
		{71D3C830-BCDB-4953-9161-7C3A15D6FCFC}.Debug|x86.ActiveCfg = Debug|Any CPU
		{71D3C830-BCDB-4953-9161-7C3A15D6FCFC}.Debug|x86.Build.0 = Debug|Any CPU
		{71D3C830-BCDB-4953-9161-7C3A15D6FCFC}.Release|Any CPU.ActiveCfg = Release|Any CPU
		{71D3C830-BCDB-4953-9161-7C3A15D6FCFC}.Release|Any CPU.Build.0 = Release|Any CPU
		{71D3C830-BCDB-4953-9161-7C3A15D6FCFC}.Release|x64.ActiveCfg = Release|Any CPU
		{71D3C830-BCDB-4953-9161-7C3A15D6FCFC}.Release|x64.Build.0 = Release|Any CPU
		{71D3C830-BCDB-4953-9161-7C3A15D6FCFC}.Release|x86.ActiveCfg = Release|Any CPU
		{71D3C830-BCDB-4953-9161-7C3A15D6FCFC}.Release|x86.Build.0 = Release|Any CPU
		{A751EAE5-CB1E-4CC2-98DB-8866C9507113}.Debug|Any CPU.ActiveCfg = Debug|Any CPU
		{A751EAE5-CB1E-4CC2-98DB-8866C9507113}.Debug|Any CPU.Build.0 = Debug|Any CPU
		{A751EAE5-CB1E-4CC2-98DB-8866C9507113}.Debug|x64.ActiveCfg = Debug|Any CPU
		{A751EAE5-CB1E-4CC2-98DB-8866C9507113}.Debug|x64.Build.0 = Debug|Any CPU
		{A751EAE5-CB1E-4CC2-98DB-8866C9507113}.Debug|x86.ActiveCfg = Debug|Any CPU
		{A751EAE5-CB1E-4CC2-98DB-8866C9507113}.Debug|x86.Build.0 = Debug|Any CPU
		{A751EAE5-CB1E-4CC2-98DB-8866C9507113}.Release|Any CPU.ActiveCfg = Release|Any CPU
		{A751EAE5-CB1E-4CC2-98DB-8866C9507113}.Release|Any CPU.Build.0 = Release|Any CPU
		{A751EAE5-CB1E-4CC2-98DB-8866C9507113}.Release|x64.ActiveCfg = Release|Any CPU
		{A751EAE5-CB1E-4CC2-98DB-8866C9507113}.Release|x64.Build.0 = Release|Any CPU
		{A751EAE5-CB1E-4CC2-98DB-8866C9507113}.Release|x86.ActiveCfg = Release|Any CPU
		{A751EAE5-CB1E-4CC2-98DB-8866C9507113}.Release|x86.Build.0 = Release|Any CPU
		{07668D9C-6BB5-4FF4-AF5D-A874786C6B5A}.Debug|Any CPU.ActiveCfg = Debug|Any CPU
		{07668D9C-6BB5-4FF4-AF5D-A874786C6B5A}.Debug|Any CPU.Build.0 = Debug|Any CPU
		{07668D9C-6BB5-4FF4-AF5D-A874786C6B5A}.Debug|x64.ActiveCfg = Debug|Any CPU
		{07668D9C-6BB5-4FF4-AF5D-A874786C6B5A}.Debug|x64.Build.0 = Debug|Any CPU
		{07668D9C-6BB5-4FF4-AF5D-A874786C6B5A}.Debug|x86.ActiveCfg = Debug|Any CPU
		{07668D9C-6BB5-4FF4-AF5D-A874786C6B5A}.Debug|x86.Build.0 = Debug|Any CPU
		{07668D9C-6BB5-4FF4-AF5D-A874786C6B5A}.Release|Any CPU.ActiveCfg = Release|Any CPU
		{07668D9C-6BB5-4FF4-AF5D-A874786C6B5A}.Release|Any CPU.Build.0 = Release|Any CPU
		{07668D9C-6BB5-4FF4-AF5D-A874786C6B5A}.Release|x64.ActiveCfg = Release|Any CPU
		{07668D9C-6BB5-4FF4-AF5D-A874786C6B5A}.Release|x64.Build.0 = Release|Any CPU
		{07668D9C-6BB5-4FF4-AF5D-A874786C6B5A}.Release|x86.ActiveCfg = Release|Any CPU
		{07668D9C-6BB5-4FF4-AF5D-A874786C6B5A}.Release|x86.Build.0 = Release|Any CPU
		{4D445C23-F5ED-49C5-A33F-DC071C787B62}.Debug|Any CPU.ActiveCfg = Debug|Any CPU
		{4D445C23-F5ED-49C5-A33F-DC071C787B62}.Debug|Any CPU.Build.0 = Debug|Any CPU
		{4D445C23-F5ED-49C5-A33F-DC071C787B62}.Debug|x64.ActiveCfg = Debug|Any CPU
		{4D445C23-F5ED-49C5-A33F-DC071C787B62}.Debug|x64.Build.0 = Debug|Any CPU
		{4D445C23-F5ED-49C5-A33F-DC071C787B62}.Debug|x86.ActiveCfg = Debug|Any CPU
		{4D445C23-F5ED-49C5-A33F-DC071C787B62}.Debug|x86.Build.0 = Debug|Any CPU
		{4D445C23-F5ED-49C5-A33F-DC071C787B62}.Release|Any CPU.ActiveCfg = Release|Any CPU
		{4D445C23-F5ED-49C5-A33F-DC071C787B62}.Release|Any CPU.Build.0 = Release|Any CPU
		{4D445C23-F5ED-49C5-A33F-DC071C787B62}.Release|x64.ActiveCfg = Release|Any CPU
		{4D445C23-F5ED-49C5-A33F-DC071C787B62}.Release|x64.Build.0 = Release|Any CPU
		{4D445C23-F5ED-49C5-A33F-DC071C787B62}.Release|x86.ActiveCfg = Release|Any CPU
		{4D445C23-F5ED-49C5-A33F-DC071C787B62}.Release|x86.Build.0 = Release|Any CPU
		{49AFC4CC-806A-4CAD-A606-E2E8B87AD41F}.Debug|Any CPU.ActiveCfg = Debug|Any CPU
		{49AFC4CC-806A-4CAD-A606-E2E8B87AD41F}.Debug|Any CPU.Build.0 = Debug|Any CPU
		{49AFC4CC-806A-4CAD-A606-E2E8B87AD41F}.Debug|x64.ActiveCfg = Debug|Any CPU
		{49AFC4CC-806A-4CAD-A606-E2E8B87AD41F}.Debug|x64.Build.0 = Debug|Any CPU
		{49AFC4CC-806A-4CAD-A606-E2E8B87AD41F}.Debug|x86.ActiveCfg = Debug|Any CPU
		{49AFC4CC-806A-4CAD-A606-E2E8B87AD41F}.Debug|x86.Build.0 = Debug|Any CPU
		{49AFC4CC-806A-4CAD-A606-E2E8B87AD41F}.Release|Any CPU.ActiveCfg = Release|Any CPU
		{49AFC4CC-806A-4CAD-A606-E2E8B87AD41F}.Release|Any CPU.Build.0 = Release|Any CPU
		{49AFC4CC-806A-4CAD-A606-E2E8B87AD41F}.Release|x64.ActiveCfg = Release|Any CPU
		{49AFC4CC-806A-4CAD-A606-E2E8B87AD41F}.Release|x64.Build.0 = Release|Any CPU
		{49AFC4CC-806A-4CAD-A606-E2E8B87AD41F}.Release|x86.ActiveCfg = Release|Any CPU
		{49AFC4CC-806A-4CAD-A606-E2E8B87AD41F}.Release|x86.Build.0 = Release|Any CPU
		{E8E3A8A1-831A-4CA7-B42E-7E69A30A74A1}.Debug|Any CPU.ActiveCfg = Debug|Any CPU
		{E8E3A8A1-831A-4CA7-B42E-7E69A30A74A1}.Debug|Any CPU.Build.0 = Debug|Any CPU
		{E8E3A8A1-831A-4CA7-B42E-7E69A30A74A1}.Debug|x64.ActiveCfg = Debug|Any CPU
		{E8E3A8A1-831A-4CA7-B42E-7E69A30A74A1}.Debug|x64.Build.0 = Debug|Any CPU
		{E8E3A8A1-831A-4CA7-B42E-7E69A30A74A1}.Debug|x86.ActiveCfg = Debug|Any CPU
		{E8E3A8A1-831A-4CA7-B42E-7E69A30A74A1}.Debug|x86.Build.0 = Debug|Any CPU
		{E8E3A8A1-831A-4CA7-B42E-7E69A30A74A1}.Release|Any CPU.ActiveCfg = Release|Any CPU
		{E8E3A8A1-831A-4CA7-B42E-7E69A30A74A1}.Release|Any CPU.Build.0 = Release|Any CPU
		{E8E3A8A1-831A-4CA7-B42E-7E69A30A74A1}.Release|x64.ActiveCfg = Release|Any CPU
		{E8E3A8A1-831A-4CA7-B42E-7E69A30A74A1}.Release|x64.Build.0 = Release|Any CPU
		{E8E3A8A1-831A-4CA7-B42E-7E69A30A74A1}.Release|x86.ActiveCfg = Release|Any CPU
		{E8E3A8A1-831A-4CA7-B42E-7E69A30A74A1}.Release|x86.Build.0 = Release|Any CPU
		{0B36652A-0D60-48DC-938A-6AD33C828D3A}.Debug|Any CPU.ActiveCfg = Debug|Any CPU
		{0B36652A-0D60-48DC-938A-6AD33C828D3A}.Debug|Any CPU.Build.0 = Debug|Any CPU
		{0B36652A-0D60-48DC-938A-6AD33C828D3A}.Debug|x64.ActiveCfg = Debug|Any CPU
		{0B36652A-0D60-48DC-938A-6AD33C828D3A}.Debug|x64.Build.0 = Debug|Any CPU
		{0B36652A-0D60-48DC-938A-6AD33C828D3A}.Debug|x86.ActiveCfg = Debug|Any CPU
		{0B36652A-0D60-48DC-938A-6AD33C828D3A}.Debug|x86.Build.0 = Debug|Any CPU
		{0B36652A-0D60-48DC-938A-6AD33C828D3A}.Release|Any CPU.ActiveCfg = Release|Any CPU
		{0B36652A-0D60-48DC-938A-6AD33C828D3A}.Release|Any CPU.Build.0 = Release|Any CPU
		{0B36652A-0D60-48DC-938A-6AD33C828D3A}.Release|x64.ActiveCfg = Release|Any CPU
		{0B36652A-0D60-48DC-938A-6AD33C828D3A}.Release|x64.Build.0 = Release|Any CPU
		{0B36652A-0D60-48DC-938A-6AD33C828D3A}.Release|x86.ActiveCfg = Release|Any CPU
		{0B36652A-0D60-48DC-938A-6AD33C828D3A}.Release|x86.Build.0 = Release|Any CPU
		{FF065CB5-89A1-43CD-969A-D8F72B01E1AF}.Debug|Any CPU.ActiveCfg = Debug|Any CPU
		{FF065CB5-89A1-43CD-969A-D8F72B01E1AF}.Debug|Any CPU.Build.0 = Debug|Any CPU
		{FF065CB5-89A1-43CD-969A-D8F72B01E1AF}.Debug|x64.ActiveCfg = Debug|Any CPU
		{FF065CB5-89A1-43CD-969A-D8F72B01E1AF}.Debug|x64.Build.0 = Debug|Any CPU
		{FF065CB5-89A1-43CD-969A-D8F72B01E1AF}.Debug|x86.ActiveCfg = Debug|Any CPU
		{FF065CB5-89A1-43CD-969A-D8F72B01E1AF}.Debug|x86.Build.0 = Debug|Any CPU
		{FF065CB5-89A1-43CD-969A-D8F72B01E1AF}.Release|Any CPU.ActiveCfg = Release|Any CPU
		{FF065CB5-89A1-43CD-969A-D8F72B01E1AF}.Release|Any CPU.Build.0 = Release|Any CPU
		{FF065CB5-89A1-43CD-969A-D8F72B01E1AF}.Release|x64.ActiveCfg = Release|Any CPU
		{FF065CB5-89A1-43CD-969A-D8F72B01E1AF}.Release|x64.Build.0 = Release|Any CPU
		{FF065CB5-89A1-43CD-969A-D8F72B01E1AF}.Release|x86.ActiveCfg = Release|Any CPU
		{FF065CB5-89A1-43CD-969A-D8F72B01E1AF}.Release|x86.Build.0 = Release|Any CPU
	EndGlobalSection
	GlobalSection(SolutionProperties) = preSolution
		HideSolutionNode = FALSE
	EndGlobalSection
	GlobalSection(NestedProjects) = preSolution
		{71D3C830-BCDB-4953-9161-7C3A15D6FCFC} = {0AB3BF05-4346-4AA6-1389-037BE0695223}
		{A751EAE5-CB1E-4CC2-98DB-8866C9507113} = {0AB3BF05-4346-4AA6-1389-037BE0695223}
		{07668D9C-6BB5-4FF4-AF5D-A874786C6B5A} = {0AB3BF05-4346-4AA6-1389-037BE0695223}
		{4D445C23-F5ED-49C5-A33F-DC071C787B62} = {07C2787E-EAC7-C090-1BA3-A61EC2A24D84}
		{49AFC4CC-806A-4CAD-A606-E2E8B87AD41F} = {07C2787E-EAC7-C090-1BA3-A61EC2A24D84}
		{E8E3A8A1-831A-4CA7-B42E-7E69A30A74A1} = {65F03A38-3CC8-43FD-A8E3-92827D4F43DA}
		{0B36652A-0D60-48DC-938A-6AD33C828D3A} = {65F03A38-3CC8-43FD-A8E3-92827D4F43DA}
		{FF065CB5-89A1-43CD-969A-D8F72B01E1AF} = {65F03A38-3CC8-43FD-A8E3-92827D4F43DA}
	EndGlobalSection
EndGlobal
